
Microsoft Visual Studio Solution File, Format Version 12.00
# Visual Studio Version 17
VisualStudioVersion = 17.8.34316.72
MinimumVisualStudioVersion = 10.0.40219.1
Project("{FAE04EC0-301F-11D3-BF4B-00C04F79EFBC}") = "Test2", "Test2\Test2.csproj", "{DE561852-740E-43FB-A795-0F306927AFB5}"
EndProject
Project("{FAE04EC0-301F-11D3-BF4B-00C04F79EFBC}") = "Tests", "Tests\Tests.csproj", "{F59419E8-A5A1-4E74-9CBA-43A5EA32FEE1}"
EndProject
Global
	GlobalSection(SolutionConfigurationPlatforms) = preSolution
		Debug|Any CPU = Debug|Any CPU
		Release|Any CPU = Release|Any CPU
	EndGlobalSection
	GlobalSection(ProjectConfigurationPlatforms) = postSolution
		{DE561852-740E-43FB-A795-0F306927AFB5}.Debug|Any CPU.ActiveCfg = Debug|Any CPU
		{DE561852-740E-43FB-A795-0F306927AFB5}.Debug|Any CPU.Build.0 = Debug|Any CPU
		{DE561852-740E-43FB-A795-0F306927AFB5}.Release|Any CPU.ActiveCfg = Release|Any CPU
		{DE561852-740E-43FB-A795-0F306927AFB5}.Release|Any CPU.Build.0 = Release|Any CPU
		{F59419E8-A5A1-4E74-9CBA-43A5EA32FEE1}.Debug|Any CPU.ActiveCfg = Debug|Any CPU
		{F59419E8-A5A1-4E74-9CBA-43A5EA32FEE1}.Debug|Any CPU.Build.0 = Debug|Any CPU
		{F59419E8-A5A1-4E74-9CBA-43A5EA32FEE1}.Release|Any CPU.ActiveCfg = Release|Any CPU
		{F59419E8-A5A1-4E74-9CBA-43A5EA32FEE1}.Release|Any CPU.Build.0 = Release|Any CPU
	EndGlobalSection
	GlobalSection(SolutionProperties) = preSolution
		HideSolutionNode = FALSE
	EndGlobalSection
	GlobalSection(ExtensibilityGlobals) = postSolution
		SolutionGuid = {78EED794-14F1-47D3-B83B-3E3122A6F2BC}
	EndGlobalSection
EndGlobal
